
Microsoft Visual Studio Solution File, Format Version 12.00
# Visual Studio 15
VisualStudioVersion = 15.0.28307.489
MinimumVisualStudioVersion = 10.0.40219.1
Project("{9A19103F-16F7-4668-BE54-9A1E7A4F7556}") = "Mc.Signalr.Communication.Server", "Mc.Signalr.Communication.Server\Mc.Signalr.Communication.Server.csproj", "{88BA03C4-7CCC-49ED-A514-013FE5E4A37D}"
EndProject
Project("{FAE04EC0-301F-11D3-BF4B-00C04F79EFBC}") = "Mc.Signalr.Communication.Client", "Mc.Signalr.Communication.Client\Mc.Signalr.Communication.Client.csproj", "{B7A9FE75-B320-4479-A007-9BA45981DE96}"
EndProject
Global
	GlobalSection(SolutionConfigurationPlatforms) = preSolution
		Debug|Any CPU = Debug|Any CPU
		Release|Any CPU = Release|Any CPU
	EndGlobalSection
	GlobalSection(ProjectConfigurationPlatforms) = postSolution
		{88BA03C4-7CCC-49ED-A514-013FE5E4A37D}.Debug|Any CPU.ActiveCfg = Debug|Any CPU
		{88BA03C4-7CCC-49ED-A514-013FE5E4A37D}.Debug|Any CPU.Build.0 = Debug|Any CPU
		{88BA03C4-7CCC-49ED-A514-013FE5E4A37D}.Release|Any CPU.ActiveCfg = Release|Any CPU
		{88BA03C4-7CCC-49ED-A514-013FE5E4A37D}.Release|Any CPU.Build.0 = Release|Any CPU
		{B7A9FE75-B320-4479-A007-9BA45981DE96}.Debug|Any CPU.ActiveCfg = Debug|Any CPU
		{B7A9FE75-B320-4479-A007-9BA45981DE96}.Debug|Any CPU.Build.0 = Debug|Any CPU
		{B7A9FE75-B320-4479-A007-9BA45981DE96}.Release|Any CPU.ActiveCfg = Release|Any CPU
		{B7A9FE75-B320-4479-A007-9BA45981DE96}.Release|Any CPU.Build.0 = Release|Any CPU
	EndGlobalSection
	GlobalSection(SolutionProperties) = preSolution
		HideSolutionNode = FALSE
	EndGlobalSection
	GlobalSection(ExtensibilityGlobals) = postSolution
		SolutionGuid = {3A3FF1D6-BFE6-482F-B7BC-0992BB93CAEE}
	EndGlobalSection
EndGlobal
